
Microsoft Visual Studio Solution File, Format Version 12.00
# Visual Studio Version 16
VisualStudioVersion = 16.0.30517.126
MinimumVisualStudioVersion = 10.0.40219.1
Project("{2150E333-8FDC-42A3-9474-1A3956D46DE8}") = "Chapter1", "Chapter1", "{39F5B07A-3B63-40D7-9822-A943A1BE1707}"
EndProject
Project("{FAE04EC0-301F-11D3-BF4B-00C04F79EFBC}") = "Textures", "Chapter1\Textures\Textures.csproj", "{0F5417DD-09F5-4D19-8626-DF474B5B53B6}"
EndProject
Project("{FAE04EC0-301F-11D3-BF4B-00C04F79EFBC}") = "Common", "Common\Common.csproj", "{EFB2D885-6568-491E-86F6-794A3B972BA5}"
EndProject
Project("{FAE04EC0-301F-11D3-BF4B-00C04F79EFBC}") = "MultipleTextures", "Chapter1\MultipleTextures\MultipleTextures.csproj", "{60B1A552-1F58-425A-A0F4-C4ABF9110FEA}"
EndProject
Project("{FAE04EC0-301F-11D3-BF4B-00C04F79EFBC}") = "Transformations", "Transformations\Transformations.csproj", "{5E81DFB0-3F2E-4FCE-B9E3-9FB21FF64753}"
EndProject
Project("{FAE04EC0-301F-11D3-BF4B-00C04F79EFBC}") = "CoordinateSystems", "CoordinateSystems\CoordinateSystems.csproj", "{2C0B4B5C-897D-41F4-A378-B0B0CDAE3DC9}"
EndProject
Project("{FAE04EC0-301F-11D3-BF4B-00C04F79EFBC}") = "Camera", "Camera\Camera.csproj", "{8B91F514-8574-4A30-B8C8-D0D223707C29}"
EndProject
Global
	GlobalSection(SolutionConfigurationPlatforms) = preSolution
		Debug|Any CPU = Debug|Any CPU
		Release|Any CPU = Release|Any CPU
	EndGlobalSection
	GlobalSection(ProjectConfigurationPlatforms) = postSolution
		{0F5417DD-09F5-4D19-8626-DF474B5B53B6}.Debug|Any CPU.ActiveCfg = Debug|Any CPU
		{0F5417DD-09F5-4D19-8626-DF474B5B53B6}.Debug|Any CPU.Build.0 = Debug|Any CPU
		{0F5417DD-09F5-4D19-8626-DF474B5B53B6}.Release|Any CPU.ActiveCfg = Release|Any CPU
		{0F5417DD-09F5-4D19-8626-DF474B5B53B6}.Release|Any CPU.Build.0 = Release|Any CPU
		{EFB2D885-6568-491E-86F6-794A3B972BA5}.Debug|Any CPU.ActiveCfg = Debug|Any CPU
		{EFB2D885-6568-491E-86F6-794A3B972BA5}.Debug|Any CPU.Build.0 = Debug|Any CPU
		{EFB2D885-6568-491E-86F6-794A3B972BA5}.Release|Any CPU.ActiveCfg = Release|Any CPU
		{EFB2D885-6568-491E-86F6-794A3B972BA5}.Release|Any CPU.Build.0 = Release|Any CPU
		{60B1A552-1F58-425A-A0F4-C4ABF9110FEA}.Debug|Any CPU.ActiveCfg = Debug|Any CPU
		{60B1A552-1F58-425A-A0F4-C4ABF9110FEA}.Debug|Any CPU.Build.0 = Debug|Any CPU
		{60B1A552-1F58-425A-A0F4-C4ABF9110FEA}.Release|Any CPU.ActiveCfg = Release|Any CPU
		{60B1A552-1F58-425A-A0F4-C4ABF9110FEA}.Release|Any CPU.Build.0 = Release|Any CPU
		{5E81DFB0-3F2E-4FCE-B9E3-9FB21FF64753}.Debug|Any CPU.ActiveCfg = Debug|Any CPU
		{5E81DFB0-3F2E-4FCE-B9E3-9FB21FF64753}.Debug|Any CPU.Build.0 = Debug|Any CPU
		{5E81DFB0-3F2E-4FCE-B9E3-9FB21FF64753}.Release|Any CPU.ActiveCfg = Release|Any CPU
		{5E81DFB0-3F2E-4FCE-B9E3-9FB21FF64753}.Release|Any CPU.Build.0 = Release|Any CPU
		{2C0B4B5C-897D-41F4-A378-B0B0CDAE3DC9}.Debug|Any CPU.ActiveCfg = Debug|Any CPU
		{2C0B4B5C-897D-41F4-A378-B0B0CDAE3DC9}.Debug|Any CPU.Build.0 = Debug|Any CPU
		{2C0B4B5C-897D-41F4-A378-B0B0CDAE3DC9}.Release|Any CPU.ActiveCfg = Release|Any CPU
		{2C0B4B5C-897D-41F4-A378-B0B0CDAE3DC9}.Release|Any CPU.Build.0 = Release|Any CPU
		{8B91F514-8574-4A30-B8C8-D0D223707C29}.Debug|Any CPU.ActiveCfg = Debug|Any CPU
		{8B91F514-8574-4A30-B8C8-D0D223707C29}.Debug|Any CPU.Build.0 = Debug|Any CPU
		{8B91F514-8574-4A30-B8C8-D0D223707C29}.Release|Any CPU.ActiveCfg = Release|Any CPU
		{8B91F514-8574-4A30-B8C8-D0D223707C29}.Release|Any CPU.Build.0 = Release|Any CPU
	EndGlobalSection
	GlobalSection(SolutionProperties) = preSolution
		HideSolutionNode = FALSE
	EndGlobalSection
	GlobalSection(NestedProjects) = preSolution
		{0F5417DD-09F5-4D19-8626-DF474B5B53B6} = {39F5B07A-3B63-40D7-9822-A943A1BE1707}
		{60B1A552-1F58-425A-A0F4-C4ABF9110FEA} = {39F5B07A-3B63-40D7-9822-A943A1BE1707}
		{5E81DFB0-3F2E-4FCE-B9E3-9FB21FF64753} = {39F5B07A-3B63-40D7-9822-A943A1BE1707}
		{2C0B4B5C-897D-41F4-A378-B0B0CDAE3DC9} = {39F5B07A-3B63-40D7-9822-A943A1BE1707}
		{8B91F514-8574-4A30-B8C8-D0D223707C29} = {39F5B07A-3B63-40D7-9822-A943A1BE1707}
	EndGlobalSection
	GlobalSection(ExtensibilityGlobals) = postSolution
		SolutionGuid = {1F0D9E82-E2CB-4415-B8AC-1D9218A58501}
	EndGlobalSection
EndGlobal
